
Microsoft Visual Studio Solution File, Format Version 12.00
# Visual Studio Version 17
VisualStudioVersion = 17.2.32630.192
MinimumVisualStudioVersion = 10.0.40219.1
Project("{8BC9CEB8-8B4A-11D0-8D11-00A0C91BC942}") = "Starter", "Starter\Starter.vcxproj", "{2548D1C4-F968-4D41-8F6F-A805A8F4397C}"
EndProject
Project("{8BC9CEB8-8B4A-11D0-8D11-00A0C91BC942}") = "EstimatingPi", "EstimatingPi\EstimatingPi.vcxproj", "{F712C306-25AA-408E-A48F-EB15093D4335}"
EndProject
Project("{8BC9CEB8-8B4A-11D0-8D11-00A0C91BC942}") = "Integrate", "Integrate\Integrate.vcxproj", "{58B7C7E0-1AE3-4B67-91F1-5AD4340C6795}"
EndProject
Project("{8BC9CEB8-8B4A-11D0-8D11-00A0C91BC942}") = "Sphere_importance", "Sphere_importance\Sphere_importance.vcxproj", "{A8F0640E-02AC-4A87-A418-8F6415304689}"
EndProject
Project("{8BC9CEB8-8B4A-11D0-8D11-00A0C91BC942}") = "RandomDir", "RandomDir\RandomDir.vcxproj", "{384ACFAC-C644-4BC0-9481-CA56B6BF8900}"
EndProject
Project("{8BC9CEB8-8B4A-11D0-8D11-00A0C91BC942}") = "HemisphereUniformSampling", "HemisphereUniformSampling\HemisphereUniformSampling.vcxproj", "{FF0B1E35-2339-4B32-B2BC-51B962CBF853}"
EndProject
Global
	GlobalSection(SolutionConfigurationPlatforms) = preSolution
		Debug|x64 = Debug|x64
		Debug|x86 = Debug|x86
		Release|x64 = Release|x64
		Release|x86 = Release|x86
	EndGlobalSection
	GlobalSection(ProjectConfigurationPlatforms) = postSolution
		{2548D1C4-F968-4D41-8F6F-A805A8F4397C}.Debug|x64.ActiveCfg = Debug|x64
		{2548D1C4-F968-4D41-8F6F-A805A8F4397C}.Debug|x64.Build.0 = Debug|x64
		{2548D1C4-F968-4D41-8F6F-A805A8F4397C}.Debug|x86.ActiveCfg = Debug|Win32
		{2548D1C4-F968-4D41-8F6F-A805A8F4397C}.Debug|x86.Build.0 = Debug|Win32
		{2548D1C4-F968-4D41-8F6F-A805A8F4397C}.Release|x64.ActiveCfg = Release|x64
		{2548D1C4-F968-4D41-8F6F-A805A8F4397C}.Release|x64.Build.0 = Release|x64
		{2548D1C4-F968-4D41-8F6F-A805A8F4397C}.Release|x86.ActiveCfg = Release|Win32
		{2548D1C4-F968-4D41-8F6F-A805A8F4397C}.Release|x86.Build.0 = Release|Win32
		{F712C306-25AA-408E-A48F-EB15093D4335}.Debug|x64.ActiveCfg = Debug|x64
		{F712C306-25AA-408E-A48F-EB15093D4335}.Debug|x64.Build.0 = Debug|x64
		{F712C306-25AA-408E-A48F-EB15093D4335}.Debug|x86.ActiveCfg = Debug|Win32
		{F712C306-25AA-408E-A48F-EB15093D4335}.Debug|x86.Build.0 = Debug|Win32
		{F712C306-25AA-408E-A48F-EB15093D4335}.Release|x64.ActiveCfg = Release|x64
		{F712C306-25AA-408E-A48F-EB15093D4335}.Release|x64.Build.0 = Release|x64
		{F712C306-25AA-408E-A48F-EB15093D4335}.Release|x86.ActiveCfg = Release|Win32
		{F712C306-25AA-408E-A48F-EB15093D4335}.Release|x86.Build.0 = Release|Win32
		{58B7C7E0-1AE3-4B67-91F1-5AD4340C6795}.Debug|x64.ActiveCfg = Debug|x64
		{58B7C7E0-1AE3-4B67-91F1-5AD4340C6795}.Debug|x64.Build.0 = Debug|x64
		{58B7C7E0-1AE3-4B67-91F1-5AD4340C6795}.Debug|x86.ActiveCfg = Debug|Win32
		{58B7C7E0-1AE3-4B67-91F1-5AD4340C6795}.Debug|x86.Build.0 = Debug|Win32
		{58B7C7E0-1AE3-4B67-91F1-5AD4340C6795}.Release|x64.ActiveCfg = Release|x64
		{58B7C7E0-1AE3-4B67-91F1-5AD4340C6795}.Release|x64.Build.0 = Release|x64
		{58B7C7E0-1AE3-4B67-91F1-5AD4340C6795}.Release|x86.ActiveCfg = Release|Win32
		{58B7C7E0-1AE3-4B67-91F1-5AD4340C6795}.Release|x86.Build.0 = Release|Win32
		{A8F0640E-02AC-4A87-A418-8F6415304689}.Debug|x64.ActiveCfg = Debug|x64
		{A8F0640E-02AC-4A87-A418-8F6415304689}.Debug|x64.Build.0 = Debug|x64
		{A8F0640E-02AC-4A87-A418-8F6415304689}.Debug|x86.ActiveCfg = Debug|Win32
		{A8F0640E-02AC-4A87-A418-8F6415304689}.Debug|x86.Build.0 = Debug|Win32
		{A8F0640E-02AC-4A87-A418-8F6415304689}.Release|x64.ActiveCfg = Release|x64
		{A8F0640E-02AC-4A87-A418-8F6415304689}.Release|x64.Build.0 = Release|x64
		{A8F0640E-02AC-4A87-A418-8F6415304689}.Release|x86.ActiveCfg = Release|Win32
		{A8F0640E-02AC-4A87-A418-8F6415304689}.Release|x86.Build.0 = Release|Win32
		{384ACFAC-C644-4BC0-9481-CA56B6BF8900}.Debug|x64.ActiveCfg = Debug|x64
		{384ACFAC-C644-4BC0-9481-CA56B6BF8900}.Debug|x64.Build.0 = Debug|x64
		{384ACFAC-C644-4BC0-9481-CA56B6BF8900}.Debug|x86.ActiveCfg = Debug|Win32
		{384ACFAC-C644-4BC0-9481-CA56B6BF8900}.Debug|x86.Build.0 = Debug|Win32
		{384ACFAC-C644-4BC0-9481-CA56B6BF8900}.Release|x64.ActiveCfg = Release|x64
		{384ACFAC-C644-4BC0-9481-CA56B6BF8900}.Release|x64.Build.0 = Release|x64
		{384ACFAC-C644-4BC0-9481-CA56B6BF8900}.Release|x86.ActiveCfg = Release|Win32
		{384ACFAC-C644-4BC0-9481-CA56B6BF8900}.Release|x86.Build.0 = Release|Win32
		{FF0B1E35-2339-4B32-B2BC-51B962CBF853}.Debug|x64.ActiveCfg = Debug|x64
		{FF0B1E35-2339-4B32-B2BC-51B962CBF853}.Debug|x64.Build.0 = Debug|x64
		{FF0B1E35-2339-4B32-B2BC-51B962CBF853}.Debug|x86.ActiveCfg = Debug|Win32
		{FF0B1E35-2339-4B32-B2BC-51B962CBF853}.Debug|x86.Build.0 = Debug|Win32
		{FF0B1E35-2339-4B32-B2BC-51B962CBF853}.Release|x64.ActiveCfg = Release|x64
		{FF0B1E35-2339-4B32-B2BC-51B962CBF853}.Release|x64.Build.0 = Release|x64
		{FF0B1E35-2339-4B32-B2BC-51B962CBF853}.Release|x86.ActiveCfg = Release|Win32
		{FF0B1E35-2339-4B32-B2BC-51B962CBF853}.Release|x86.Build.0 = Release|Win32
	EndGlobalSection
	GlobalSection(SolutionProperties) = preSolution
		HideSolutionNode = FALSE
	EndGlobalSection
	GlobalSection(ExtensibilityGlobals) = postSolution
		SolutionGuid = {A7450F02-5160-456F-8F4F-B2CDB6C21305}
	EndGlobalSection
EndGlobal
